[[package]]
name = "fonttools"
version = "4.13.0"
description = "Tools to manipulate font files"
category = "main"
optional = false
python-versions = ">=3.6"

[package.extras]
all = ["fs (>=2.2.0,<3)", "lxml (>=4.0,<5)", "zopfli (>=0.1.4)", "lz4 (>=1.7.4.2)", "matplotlib", "sympy", "brotli (>=1.0.1)", "scipy", "brotlipy (>=0.7.0)", "munkres", "unicodedata2 (>=13.0.0)", "xattr"]
graphite = ["lz4 (>=1.7.4.2)"]
interpolatable = ["scipy", "munkres"]
lxml = ["lxml (>=4.0,<5)"]
plot = ["matplotlib"]
symfont = ["sympy"]
type1 = ["xattr"]
ufo = ["fs (>=2.2.0,<3)"]
unicode = ["unicodedata2 (>=13.0.0)"]
woff = ["zopfli (>=0.1.4)", "brotli (>=1.0.1)", "brotlipy (>=0.7.0)"]

[[package]]
name = "lxml"
version = "4.5.2"
description = "Powerful and Pythonic XML processing library combining libxml2/libxslt with the ElementTree API."
category = "main"
optional = false
python-versions = ">=2.7, !=3.0.*, !=3.1.*, !=3.2.*, !=3.3.*, != 3.4.*"

[package.extras]
cssselect = ["cssselect (>=0.7)"]
html5 = ["html5lib"]
htmlsoup = ["beautifulsoup4"]
source = ["Cython (>=0.29.7)"]

[[package]]
name = "numpy"
version = "1.19.1"
description = "NumPy is the fundamental package for array computing with Python."
category = "main"
optional = false
python-versions = ">=3.6"

[[package]]
name = "pandas"
version = "1.0.5"
description = "Powerful data structures for data analysis, time series, and statistics"
category = "main"
optional = false
python-versions = ">=3.6.1"

[package.dependencies]
numpy = ">=1.13.3"
python-dateutil = ">=2.6.1"
pytz = ">=2017.2"

[package.extras]
test = ["pytest (>=4.0.2)", "pytest-xdist", "hypothesis (>=3.58)"]

[[package]]
name = "pillow"
version = "8.2.0"
description = "Python Imaging Library (Fork)"
category = "main"
optional = false
python-versions = ">=3.6"

[[package]]
name = "python-dateutil"
version = "2.8.1"
description = "Extensions to the standard Python datetime module"
category = "main"
optional = false
python-versions = "!=3.0.*,!=3.1.*,!=3.2.*,>=2.7"

[package.dependencies]
six = ">=1.5"

[[package]]
name = "pytz"
version = "2020.1"
description = "World timezone definitions, modern and historical"
category = "main"
optional = false
python-versions = "*"

[[package]]
name = "six"
version = "1.15.0"
description = "Python 2 and 3 compatibility utilities"
category = "main"
optional = false
python-versions = ">=2.7, !=3.0.*, !=3.1.*, !=3.2.*"

[metadata]
lock-version = "1.1"
python-versions = "^3.8"
content-hash = "52f67dd97b8315cf08796e3961bed44700833d46fd2fbf3dc847a4409206e67e"

[metadata.files]
fonttools = [
    {file = "fonttools-4.13.0-py3-none-any.whl", hash = "sha256:c9fc9b1c803260e19362332d47ae2a8d701d4c085b1705bed39ac61a3f2dcb44"},
    {file = "fonttools-4.13.0.zip", hash = "sha256:63987cd374c39a75146748f8be8637634221e53fef15cdf76f17777676d8545a"},
]
lxml = [
    {file = "lxml-4.5.2-cp27-cp27m-macosx_10_9_x86_64.whl", hash = "sha256:74f48ec98430e06c1fa8949b49ebdd8d27ceb9df8d3d1c92e1fdc2773f003f20"},
    {file = "lxml-4.5.2-cp27-cp27m-manylinux1_i686.whl", hash = "sha256:e70d4e467e243455492f5de463b72151cc400710ac03a0678206a5f27e79ddef"},
    {file = "lxml-4.5.2-cp27-cp27m-manylinux1_x86_64.whl", hash = "sha256:7ad7906e098ccd30d8f7068030a0b16668ab8aa5cda6fcd5146d8d20cbaa71b5"},
    {file = "lxml-4.5.2-cp27-cp27m-win32.whl", hash = "sha256:92282c83547a9add85ad658143c76a64a8d339028926d7dc1998ca029c88ea6a"},
    {file = "lxml-4.5.2-cp27-cp27m-win_amd64.whl", hash = "sha256:05a444b207901a68a6526948c7cc8f9fe6d6f24c70781488e32fd74ff5996e3f"},
    {file = "lxml-4.5.2-cp27-cp27mu-manylinux1_i686.whl", hash = "sha256:94150231f1e90c9595ccc80d7d2006c61f90a5995db82bccbca7944fd457f0f6"},
    {file = "lxml-4.5.2-cp27-cp27mu-manylinux1_x86_64.whl", hash = "sha256:bea760a63ce9bba566c23f726d72b3c0250e2fa2569909e2d83cda1534c79443"},
    {file = "lxml-4.5.2-cp35-cp35m-manylinux1_i686.whl", hash = "sha256:c3f511a3c58676147c277eff0224c061dd5a6a8e1373572ac817ac6324f1b1e0"},
    {file = "lxml-4.5.2-cp35-cp35m-manylinux1_x86_64.whl", hash = "sha256:59daa84aef650b11bccd18f99f64bfe44b9f14a08a28259959d33676554065a1"},
    {file = "lxml-4.5.2-cp35-cp35m-manylinux2014_aarch64.whl", hash = "sha256:c9d317efde4bafbc1561509bfa8a23c5cab66c44d49ab5b63ff690f5159b2304"},
    {file = "lxml-4.5.2-cp35-cp35m-win32.whl", hash = "sha256:9dc9006dcc47e00a8a6a029eb035c8f696ad38e40a27d073a003d7d1443f5d88"},
    {file = "lxml-4.5.2-cp35-cp35m-win_amd64.whl", hash = "sha256:08fc93257dcfe9542c0a6883a25ba4971d78297f63d7a5a26ffa34861ca78730"},
    {file = "lxml-4.5.2-cp36-cp36m-macosx_10_9_x86_64.whl", hash = "sha256:121b665b04083a1e85ff1f5243d4a93aa1aaba281bc12ea334d5a187278ceaf1"},
    {file = "lxml-4.5.2-cp36-cp36m-manylinux1_i686.whl", hash = "sha256:5591c4164755778e29e69b86e425880f852464a21c7bb53c7ea453bbe2633bbe"},
    {file = "lxml-4.5.2-cp36-cp36m-manylinux1_x86_64.whl", hash = "sha256:cc411ad324a4486b142c41d9b2b6a722c534096963688d879ea6fa8a35028258"},
    {file = "lxml-4.5.2-cp36-cp36m-manylinux2014_aarch64.whl", hash = "sha256:1fa21263c3aba2b76fd7c45713d4428dbcc7644d73dcf0650e9d344e433741b3"},
    {file = "lxml-4.5.2-cp36-cp36m-win32.whl", hash = "sha256:786aad2aa20de3dbff21aab86b2fb6a7be68064cbbc0219bde414d3a30aa47ae"},
    {file = "lxml-4.5.2-cp36-cp36m-win_amd64.whl", hash = "sha256:e1cacf4796b20865789083252186ce9dc6cc59eca0c2e79cca332bdff24ac481"},
    {file = "lxml-4.5.2-cp37-cp37m-macosx_10_9_x86_64.whl", hash = "sha256:80a38b188d20c0524fe8959c8ce770a8fdf0e617c6912d23fc97c68301bb9aba"},
    {file = "lxml-4.5.2-cp37-cp37m-manylinux1_i686.whl", hash = "sha256:ecc930ae559ea8a43377e8b60ca6f8d61ac532fc57efb915d899de4a67928efd"},
    {file = "lxml-4.5.2-cp37-cp37m-manylinux1_x86_64.whl", hash = "sha256:a76979f728dd845655026ab991df25d26379a1a8fc1e9e68e25c7eda43004bed"},
    {file = "lxml-4.5.2-cp37-cp37m-manylinux2014_aarch64.whl", hash = "sha256:cfd7c5dd3c35c19cec59c63df9571c67c6d6e5c92e0fe63517920e97f61106d1"},
    {file = "lxml-4.5.2-cp37-cp37m-win32.whl", hash = "sha256:5a9c8d11aa2c8f8b6043d845927a51eb9102eb558e3f936df494e96393f5fd3e"},
    {file = "lxml-4.5.2-cp37-cp37m-win_amd64.whl", hash = "sha256:4b4a111bcf4b9c948e020fd207f915c24a6de3f1adc7682a2d92660eb4e84f1a"},
    {file = "lxml-4.5.2-cp38-cp38-macosx_10_9_x86_64.whl", hash = "sha256:5dd20538a60c4cc9a077d3b715bb42307239fcd25ef1ca7286775f95e9e9a46d"},
    {file = "lxml-4.5.2-cp38-cp38-manylinux1_i686.whl", hash = "sha256:2b30aa2bcff8e958cd85d907d5109820b01ac511eae5b460803430a7404e34d7"},
    {file = "lxml-4.5.2-cp38-cp38-manylinux1_x86_64.whl", hash = "sha256:aa8eba3db3d8761db161003e2d0586608092e217151d7458206e243be5a43843"},
    {file = "lxml-4.5.2-cp38-cp38-manylinux2014_aarch64.whl", hash = "sha256:8f0ec6b9b3832e0bd1d57af41f9238ea7709bbd7271f639024f2fc9d3bb01293"},
    {file = "lxml-4.5.2-cp38-cp38-win32.whl", hash = "sha256:107781b213cf7201ec3806555657ccda67b1fccc4261fb889ef7fc56976db81f"},
    {file = "lxml-4.5.2-cp38-cp38-win_amd64.whl", hash = "sha256:f161af26f596131b63b236372e4ce40f3167c1b5b5d459b29d2514bd8c9dc9ee"},
    {file = "lxml-4.5.2-cp39-cp39-manylinux1_i686.whl", hash = "sha256:6f767d11803dbd1274e43c8c0b2ff0a8db941e6ed0f5d44f852fb61b9d544b54"},
    {file = "lxml-4.5.2-cp39-cp39-manylinux1_x86_64.whl", hash = "sha256:d15a801d9037d7512edb2f1e196acebb16ab17bef4b25a91ea2e9a455ca353af"},
    {file = "lxml-4.5.2.tar.gz", hash = "sha256:cdc13a1682b2a6241080745b1953719e7fe0850b40a5c71ca574f090a1391df6"},
]
numpy = [
    {file = "numpy-1.19.1-cp36-cp36m-macosx_10_9_x86_64.whl", hash = "sha256:b1cca51512299841bf69add3b75361779962f9cee7d9ee3bb446d5982e925b69"},
    {file = "numpy-1.19.1-cp36-cp36m-manylinux1_i686.whl", hash = "sha256:c9591886fc9cbe5532d5df85cb8e0cc3b44ba8ce4367bd4cf1b93dc19713da72"},
    {file = "numpy-1.19.1-cp36-cp36m-manylinux1_x86_64.whl", hash = "sha256:cf1347450c0b7644ea142712619533553f02ef23f92f781312f6a3553d031fc7"},
    {file = "numpy-1.19.1-cp36-cp36m-manylinux2010_i686.whl", hash = "sha256:ed8a311493cf5480a2ebc597d1e177231984c818a86875126cfd004241a73c3e"},
    {file = "numpy-1.19.1-cp36-cp36m-manylinux2010_x86_64.whl", hash = "sha256:3673c8b2b29077f1b7b3a848794f8e11f401ba0b71c49fbd26fb40b71788b132"},
    {file = "numpy-1.19.1-cp36-cp36m-manylinux2014_aarch64.whl", hash = "sha256:56ef7f56470c24bb67fb43dae442e946a6ce172f97c69f8d067ff8550cf782ff"},
    {file = "numpy-1.19.1-cp36-cp36m-win32.whl", hash = "sha256:aaf42a04b472d12515debc621c31cf16c215e332242e7a9f56403d814c744624"},
    {file = "numpy-1.19.1-cp36-cp36m-win_amd64.whl", hash = "sha256:082f8d4dd69b6b688f64f509b91d482362124986d98dc7dc5f5e9f9b9c3bb983"},
    {file = "numpy-1.19.1-cp37-cp37m-macosx_10_9_x86_64.whl", hash = "sha256:e4f6d3c53911a9d103d8ec9518190e52a8b945bab021745af4939cfc7c0d4a9e"},
    {file = "numpy-1.19.1-cp37-cp37m-manylinux1_i686.whl", hash = "sha256:5b6885c12784a27e957294b60f97e8b5b4174c7504665333c5e94fbf41ae5d6a"},
    {file = "numpy-1.19.1-cp37-cp37m-manylinux1_x86_64.whl", hash = "sha256:1bc0145999e8cb8aed9d4e65dd8b139adf1919e521177f198529687dbf613065"},
    {file = "numpy-1.19.1-cp37-cp37m-manylinux2010_i686.whl", hash = "sha256:5a936fd51049541d86ccdeef2833cc89a18e4d3808fe58a8abeb802665c5af93"},
    {file = "numpy-1.19.1-cp37-cp37m-manylinux2010_x86_64.whl", hash = "sha256:ef71a1d4fd4858596ae80ad1ec76404ad29701f8ca7cdcebc50300178db14dfc"},
    {file = "numpy-1.19.1-cp37-cp37m-manylinux2014_aarch64.whl", hash = "sha256:b9792b0ac0130b277536ab8944e7b754c69560dac0415dd4b2dbd16b902c8954"},
    {file = "numpy-1.19.1-cp37-cp37m-win32.whl", hash = "sha256:b12e639378c741add21fbffd16ba5ad25c0a1a17cf2b6fe4288feeb65144f35b"},
    {file = "numpy-1.19.1-cp37-cp37m-win_amd64.whl", hash = "sha256:8343bf67c72e09cfabfab55ad4a43ce3f6bf6e6ced7acf70f45ded9ebb425055"},
    {file = "numpy-1.19.1-cp38-cp38-macosx_10_9_x86_64.whl", hash = "sha256:e45f8e981a0ab47103181773cc0a54e650b2aef8c7b6cd07405d0fa8d869444a"},
    {file = "numpy-1.19.1-cp38-cp38-manylinux1_i686.whl", hash = "sha256:667c07063940e934287993366ad5f56766bc009017b4a0fe91dbd07960d0aba7"},
    {file = "numpy-1.19.1-cp38-cp38-manylinux1_x86_64.whl", hash = "sha256:480fdd4dbda4dd6b638d3863da3be82873bba6d32d1fc12ea1b8486ac7b8d129"},
    {file = "numpy-1.19.1-cp38-cp38-manylinux2010_i686.whl", hash = "sha256:935c27ae2760c21cd7354402546f6be21d3d0c806fffe967f745d5f2de5005a7"},
    {file = "numpy-1.19.1-cp38-cp38-manylinux2010_x86_64.whl", hash = "sha256:309cbcfaa103fc9a33ec16d2d62569d541b79f828c382556ff072442226d1968"},
    {file = "numpy-1.19.1-cp38-cp38-manylinux2014_aarch64.whl", hash = "sha256:7ed448ff4eaffeb01094959b19cbaf998ecdee9ef9932381420d514e446601cd"},
    {file = "numpy-1.19.1-cp38-cp38-win32.whl", hash = "sha256:de8b4a9b56255797cbddb93281ed92acbc510fb7b15df3f01bd28f46ebc4edae"},
    {file = "numpy-1.19.1-cp38-cp38-win_amd64.whl", hash = "sha256:92feb989b47f83ebef246adabc7ff3b9a59ac30601c3f6819f8913458610bdcc"},
    {file = "numpy-1.19.1-pp36-pypy36_pp73-manylinux2010_x86_64.whl", hash = "sha256:e1b1dc0372f530f26a03578ac75d5e51b3868b9b76cd2facba4c9ee0eb252ab1"},
    {file = "numpy-1.19.1.zip", hash = "sha256:b8456987b637232602ceb4d663cb34106f7eb780e247d51a260b84760fd8f491"},
]
pandas = [
    {file = "pandas-1.0.5-cp36-cp36m-macosx_10_9_x86_64.whl", hash = "sha256:faa42a78d1350b02a7d2f0dbe3c80791cf785663d6997891549d0f86dc49125e"},
    {file = "pandas-1.0.5-cp36-cp36m-manylinux1_i686.whl", hash = "sha256:9c31d52f1a7dd2bb4681d9f62646c7aa554f19e8e9addc17e8b1b20011d7522d"},
    {file = "pandas-1.0.5-cp36-cp36m-manylinux1_x86_64.whl", hash = "sha256:8778a5cc5a8437a561e3276b85367412e10ae9fff07db1eed986e427d9a674f8"},
    {file = "pandas-1.0.5-cp36-cp36m-win32.whl", hash = "sha256:9871ef5ee17f388f1cb35f76dc6106d40cb8165c562d573470672f4cdefa59ef"},
    {file = "pandas-1.0.5-cp36-cp36m-win_amd64.whl", hash = "sha256:35b670b0abcfed7cad76f2834041dcf7ae47fd9b22b63622d67cdc933d79f453"},
    {file = "pandas-1.0.5-cp37-cp37m-macosx_10_9_x86_64.whl", hash = "sha256:c9410ce8a3dee77653bc0684cfa1535a7f9c291663bd7ad79e39f5ab58f67ab3"},
    {file = "pandas-1.0.5-cp37-cp37m-manylinux1_i686.whl", hash = "sha256:02f1e8f71cd994ed7fcb9a35b6ddddeb4314822a0e09a9c5b2d278f8cb5d4096"},
    {file = "pandas-1.0.5-cp37-cp37m-manylinux1_x86_64.whl", hash = "sha256:b3c4f93fcb6e97d993bf87cdd917883b7dab7d20c627699f360a8fb49e9e0b91"},
    {file = "pandas-1.0.5-cp37-cp37m-win32.whl", hash = "sha256:5759edf0b686b6f25a5d4a447ea588983a33afc8a0081a0954184a4a87fd0dd7"},
    {file = "pandas-1.0.5-cp37-cp37m-win_amd64.whl", hash = "sha256:ab8173a8efe5418bbe50e43f321994ac6673afc5c7c4839014cf6401bbdd0705"},
    {file = "pandas-1.0.5-cp38-cp38-macosx_10_9_x86_64.whl", hash = "sha256:13f75fb18486759da3ff40f5345d9dd20e7d78f2a39c5884d013456cec9876f0"},
    {file = "pandas-1.0.5-cp38-cp38-manylinux1_i686.whl", hash = "sha256:5a7cf6044467c1356b2b49ef69e50bf4d231e773c3ca0558807cdba56b76820b"},
    {file = "pandas-1.0.5-cp38-cp38-manylinux1_x86_64.whl", hash = "sha256:ae961f1f0e270f1e4e2273f6a539b2ea33248e0e3a11ffb479d757918a5e03a9"},
    {file = "pandas-1.0.5-cp38-cp38-win32.whl", hash = "sha256:f69e0f7b7c09f1f612b1f8f59e2df72faa8a6b41c5a436dde5b615aaf948f107"},
    {file = "pandas-1.0.5-cp38-cp38-win_amd64.whl", hash = "sha256:4c73f373b0800eb3062ffd13d4a7a2a6d522792fa6eb204d67a4fad0a40f03dc"},
    {file = "pandas-1.0.5.tar.gz", hash = "sha256:69c5d920a0b2a9838e677f78f4dde506b95ea8e4d30da25859db6469ded84fa8"},
]
pillow = [
    {file = "Pillow-8.2.0-cp36-cp36m-macosx_10_10_x86_64.whl", hash = "sha256:dc38f57d8f20f06dd7c3161c59ca2c86893632623f33a42d592f097b00f720a9"},
    {file = "Pillow-8.2.0-cp36-cp36m-manylinux1_i686.whl", hash = "sha256:a013cbe25d20c2e0c4e85a9daf438f85121a4d0344ddc76e33fd7e3965d9af4b"},
    {file = "Pillow-8.2.0-cp36-cp36m-manylinux1_x86_64.whl", hash = "sha256:8bb1e155a74e1bfbacd84555ea62fa21c58e0b4e7e6b20e4447b8d07990ac78b"},
    {file = "Pillow-8.2.0-cp36-cp36m-manylinux2014_aarch64.whl", hash = "sha256:c5236606e8570542ed424849f7852a0ff0bce2c4c8d0ba05cc202a5a9c97dee9"},
    {file = "Pillow-8.2.0-cp36-cp36m-win32.whl", hash = "sha256:12e5e7471f9b637762453da74e390e56cc43e486a88289995c1f4c1dc0bfe727"},
    {file = "Pillow-8.2.0-cp36-cp36m-win_amd64.whl", hash = "sha256:5afe6b237a0b81bd54b53f835a153770802f164c5570bab5e005aad693dab87f"},
    {file = "Pillow-8.2.0-cp37-cp37m-macosx_10_10_x86_64.whl", hash = "sha256:cb7a09e173903541fa888ba010c345893cd9fc1b5891aaf060f6ca77b6a3722d"},
    {file = "Pillow-8.2.0-cp37-cp37m-manylinux1_i686.whl", hash = "sha256:0d19d70ee7c2ba97631bae1e7d4725cdb2ecf238178096e8c82ee481e189168a"},
    {file = "Pillow-8.2.0-cp37-cp37m-manylinux1_x86_64.whl", hash = "sha256:083781abd261bdabf090ad07bb69f8f5599943ddb539d64497ed021b2a67e5a9"},
    {file = "Pillow-8.2.0-cp37-cp37m-manylinux2014_aarch64.whl", hash = "sha256:c6b39294464b03457f9064e98c124e09008b35a62e3189d3513e5148611c9388"},
    {file = "Pillow-8.2.0-cp37-cp37m-win32.whl", hash = "sha256:01425106e4e8cee195a411f729cff2a7d61813b0b11737c12bd5991f5f14bcd5"},
    {file = "Pillow-8.2.0-cp37-cp37m-win_amd64.whl", hash = "sha256:3b570f84a6161cf8865c4e08adf629441f56e32f180f7aa4ccbd2e0a5a02cba2"},
    {file = "Pillow-8.2.0-cp38-cp38-macosx_10_10_x86_64.whl", hash = "sha256:031a6c88c77d08aab84fecc05c3cde8414cd6f8406f4d2b16fed1e97634cc8a4"},
    {file = "Pillow-8.2.0-cp38-cp38-manylinux1_i686.whl", hash = "sha256:66cc56579fd91f517290ab02c51e3a80f581aba45fd924fcdee01fa06e635812"},
    {file = "Pillow-8.2.0-cp38-cp38-manylinux1_x86_64.whl", hash = "sha256:6c32cc3145928c4305d142ebec682419a6c0a8ce9e33db900027ddca1ec39178"},
    {file = "Pillow-8.2.0-cp38-cp38-manylinux2014_aarch64.whl", hash = "sha256:624b977355cde8b065f6d51b98497d6cd5fbdd4f36405f7a8790e3376125e2bb"},
    {file = "Pillow-8.2.0-cp38-cp38-win32.whl", hash = "sha256:5cbf3e3b1014dddc45496e8cf38b9f099c95a326275885199f427825c6522232"},
    {file = "Pillow-8.2.0-cp38-cp38-win_amd64.whl", hash = "sha256:463822e2f0d81459e113372a168f2ff59723e78528f91f0bd25680ac185cf797"},
    {file = "Pillow-8.2.0-cp39-cp39-macosx_10_10_x86_64.whl", hash = "sha256:95d5ef984eff897850f3a83883363da64aae1000e79cb3c321915468e8c6add5"},
    {file = "Pillow-8.2.0-cp39-cp39-macosx_11_0_arm64.whl", hash = "sha256:b91c36492a4bbb1ee855b7d16fe51379e5f96b85692dc8210831fbb24c43e484"},
    {file = "Pillow-8.2.0-cp39-cp39-manylinux1_i686.whl", hash = "sha256:d68cb92c408261f806b15923834203f024110a2e2872ecb0bd2a110f89d3c602"},
    {file = "Pillow-8.2.0-cp39-cp39-manylinux1_x86_64.whl", hash = "sha256:f217c3954ce5fd88303fc0c317af55d5e0204106d86dea17eb8205700d47dec2"},
    {file = "Pillow-8.2.0-cp39-cp39-manylinux2014_aarch64.whl", hash = "sha256:5b70110acb39f3aff6b74cf09bb4169b167e2660dabc304c1e25b6555fa781ef"},
    {file = "Pillow-8.2.0-cp39-cp39-win32.whl", hash = "sha256:a7d5e9fad90eff8f6f6106d3b98b553a88b6f976e51fce287192a5d2d5363713"},
    {file = "Pillow-8.2.0-cp39-cp39-win_amd64.whl", hash = "sha256:238c197fc275b475e87c1453b05b467d2d02c2915fdfdd4af126145ff2e4610c"},
    {file = "Pillow-8.2.0-pp36-pypy36_pp73-macosx_10_10_x86_64.whl", hash = "sha256:0e04d61f0064b545b989126197930807c86bcbd4534d39168f4aa5fda39bb8f9"},
    {file = "Pillow-8.2.0-pp36-pypy36_pp73-manylinux2010_i686.whl", hash = "sha256:63728564c1410d99e6d1ae8e3b810fe012bc440952168af0a2877e8ff5ab96b9"},
    {file = "Pillow-8.2.0-pp36-pypy36_pp73-manylinux2010_x86_64.whl", hash = "sha256:c03c07ed32c5324939b19e36ae5f75c660c81461e312a41aea30acdd46f93a7c"},
    {file = "Pillow-8.2.0-pp37-pypy37_pp73-macosx_10_10_x86_64.whl", hash = "sha256:4d98abdd6b1e3bf1a1cbb14c3895226816e666749ac040c4e2554231068c639b"},
    {file = "Pillow-8.2.0-pp37-pypy37_pp73-manylinux2010_i686.whl", hash = "sha256:aac00e4bc94d1b7813fe882c28990c1bc2f9d0e1aa765a5f2b516e8a6a16a9e4"},
    {file = "Pillow-8.2.0-pp37-pypy37_pp73-manylinux2010_x86_64.whl", hash = "sha256:22fd0f42ad15dfdde6c581347eaa4adb9a6fc4b865f90b23378aa7914895e120"},
    {file = "Pillow-8.2.0-pp37-pypy37_pp73-win32.whl", hash = "sha256:e98eca29a05913e82177b3ba3d198b1728e164869c613d76d0de4bde6768a50e"},
    {file = "Pillow-8.2.0-pp37-pypy37_pp73-win_amd64.whl", hash = "sha256:8b56553c0345ad6dcb2e9b433ae47d67f95fc23fe28a0bde15a120f25257e291"},
    {file = "Pillow-8.2.0.tar.gz", hash = "sha256:a787ab10d7bb5494e5f76536ac460741788f1fbce851068d73a87ca7c35fc3e1"},
]
python-dateutil = [
    {file = "python-dateutil-2.8.1.tar.gz", hash = "sha256:73ebfe9dbf22e832286dafa60473e4cd239f8592f699aa5adaf10050e6e1823c"},
    {file = "python_dateutil-2.8.1-py2.py3-none-any.whl", hash = "sha256:75bb3f31ea686f1197762692a9ee6a7550b59fc6ca3a1f4b5d7e32fb98e2da2a"},
]
pytz = [
    {file = "pytz-2020.1-py2.py3-none-any.whl", hash = "sha256:a494d53b6d39c3c6e44c3bec237336e14305e4f29bbf800b599253057fbb79ed"},
    {file = "pytz-2020.1.tar.gz", hash = "sha256:c35965d010ce31b23eeb663ed3cc8c906275d6be1a34393a1d73a41febf4a048"},
]
six = [
    {file = "six-1.15.0-py2.py3-none-any.whl", hash = "sha256:8b74bedcbbbaca38ff6d7491d76f2b06b3592611af620f8426e82dddb04a5ced"},
    {file = "six-1.15.0.tar.gz", hash = "sha256:30639c035cdb23534cd4aa2dd52c3bf48f06e5f4a941509c8bafd8ce11080259"},
]
